
Microsoft Visual Studio Solution File, Format Version 12.00
# Visual Studio Version 16
VisualStudioVersion = 16.0.29215.179
MinimumVisualStudioVersion = 10.0.40219.1
Project("{9A19103F-16F7-4668-BE54-9A1E7A4F7556}") = "EBM2x", "EBM2x\EBM2x.csproj", "{3F1A621E-F97E-412B-A291-03E66B4914DF}"
EndProject
Project("{FAE04EC0-301F-11D3-BF4B-00C04F79EFBC}") = "EBM2x.WPF", "EBM2x.WPF\EBM2x.WPF.csproj", "{D2381ECA-81F6-4AF5-BF39-899C73D1F78D}"
EndProject
Project("{FAE04EC0-301F-11D3-BF4B-00C04F79EFBC}") = "EBM2x.Tablet", "EBM2x.Tablet\EBM2x.Tablet.csproj", "{71140D91-C9EE-495C-B6C3-B69253C2862A}"
EndProject
Project("{FAE04EC0-301F-11D3-BF4B-00C04F79EFBC}") = "EBM2x.MySQL", "EBM2x.MySQL\EBM2x.MySQL.csproj", "{FC839A35-4C67-45AA-95C4-7897CF145ABE}"
EndProject
Project("{FAE04EC0-301F-11D3-BF4B-00C04F79EFBC}") = "EBM2x.Mobile", "EBM2x.Mobile\EBM2x.Mobile.csproj", "{E55859DB-F89E-4247-84F4-DD500477C4BB}"
EndProject
Project("{FAE04EC0-301F-11D3-BF4B-00C04F79EFBC}") = "EBM2x.PDA", "EBM2x.PDA\EBM2x.PDA.csproj", "{76F66197-D918-43A1-9A17-7C5CCD159781}"
EndProject
Global
	GlobalSection(SolutionConfigurationPlatforms) = preSolution
		Debug|Any CPU = Debug|Any CPU
		Debug|ARM = Debug|ARM
		Debug|x64 = Debug|x64
		Debug|x86 = Debug|x86
		Release|Any CPU = Release|Any CPU
		Release|ARM = Release|ARM
		Release|x64 = Release|x64
		Release|x86 = Release|x86
	EndGlobalSection
	GlobalSection(ProjectConfigurationPlatforms) = postSolution
		{3F1A621E-F97E-412B-A291-03E66B4914DF}.Debug|Any CPU.ActiveCfg = Debug|Any CPU
		{3F1A621E-F97E-412B-A291-03E66B4914DF}.Debug|Any CPU.Build.0 = Debug|Any CPU
		{3F1A621E-F97E-412B-A291-03E66B4914DF}.Debug|Any CPU.Deploy.0 = Debug|Any CPU
		{3F1A621E-F97E-412B-A291-03E66B4914DF}.Debug|ARM.ActiveCfg = Debug|Any CPU
		{3F1A621E-F97E-412B-A291-03E66B4914DF}.Debug|ARM.Build.0 = Debug|Any CPU
		{3F1A621E-F97E-412B-A291-03E66B4914DF}.Debug|ARM.Deploy.0 = Debug|Any CPU
		{3F1A621E-F97E-412B-A291-03E66B4914DF}.Debug|x64.ActiveCfg = Debug|Any CPU
		{3F1A621E-F97E-412B-A291-03E66B4914DF}.Debug|x64.Build.0 = Debug|Any CPU
		{3F1A621E-F97E-412B-A291-03E66B4914DF}.Debug|x64.Deploy.0 = Debug|Any CPU
		{3F1A621E-F97E-412B-A291-03E66B4914DF}.Debug|x86.ActiveCfg = Debug|Any CPU
		{3F1A621E-F97E-412B-A291-03E66B4914DF}.Debug|x86.Build.0 = Debug|Any CPU
		{3F1A621E-F97E-412B-A291-03E66B4914DF}.Debug|x86.Deploy.0 = Debug|Any CPU
		{3F1A621E-F97E-412B-A291-03E66B4914DF}.Release|Any CPU.ActiveCfg = Release|Any CPU
		{3F1A621E-F97E-412B-A291-03E66B4914DF}.Release|Any CPU.Build.0 = Release|Any CPU
		{3F1A621E-F97E-412B-A291-03E66B4914DF}.Release|Any CPU.Deploy.0 = Release|Any CPU
		{3F1A621E-F97E-412B-A291-03E66B4914DF}.Release|ARM.ActiveCfg = Release|Any CPU
		{3F1A621E-F97E-412B-A291-03E66B4914DF}.Release|ARM.Build.0 = Release|Any CPU
		{3F1A621E-F97E-412B-A291-03E66B4914DF}.Release|ARM.Deploy.0 = Release|Any CPU
		{3F1A621E-F97E-412B-A291-03E66B4914DF}.Release|x64.ActiveCfg = Release|Any CPU
		{3F1A621E-F97E-412B-A291-03E66B4914DF}.Release|x64.Build.0 = Release|Any CPU
		{3F1A621E-F97E-412B-A291-03E66B4914DF}.Release|x64.Deploy.0 = Release|Any CPU
		{3F1A621E-F97E-412B-A291-03E66B4914DF}.Release|x86.ActiveCfg = Release|Any CPU
		{3F1A621E-F97E-412B-A291-03E66B4914DF}.Release|x86.Build.0 = Release|Any CPU
		{3F1A621E-F97E-412B-A291-03E66B4914DF}.Release|x86.Deploy.0 = Release|Any CPU
		{D2381ECA-81F6-4AF5-BF39-899C73D1F78D}.Debug|Any CPU.ActiveCfg = Debug|Any CPU
		{D2381ECA-81F6-4AF5-BF39-899C73D1F78D}.Debug|Any CPU.Build.0 = Debug|Any CPU
		{D2381ECA-81F6-4AF5-BF39-899C73D1F78D}.Debug|ARM.ActiveCfg = Debug|Any CPU
		{D2381ECA-81F6-4AF5-BF39-899C73D1F78D}.Debug|ARM.Build.0 = Debug|Any CPU
		{D2381ECA-81F6-4AF5-BF39-899C73D1F78D}.Debug|x64.ActiveCfg = Debug|Any CPU
		{D2381ECA-81F6-4AF5-BF39-899C73D1F78D}.Debug|x64.Build.0 = Debug|Any CPU
		{D2381ECA-81F6-4AF5-BF39-899C73D1F78D}.Debug|x86.ActiveCfg = Debug|Any CPU
		{D2381ECA-81F6-4AF5-BF39-899C73D1F78D}.Debug|x86.Build.0 = Debug|Any CPU
		{D2381ECA-81F6-4AF5-BF39-899C73D1F78D}.Release|Any CPU.ActiveCfg = Release|Any CPU
		{D2381ECA-81F6-4AF5-BF39-899C73D1F78D}.Release|Any CPU.Build.0 = Release|Any CPU
		{D2381ECA-81F6-4AF5-BF39-899C73D1F78D}.Release|ARM.ActiveCfg = Release|Any CPU
		{D2381ECA-81F6-4AF5-BF39-899C73D1F78D}.Release|ARM.Build.0 = Release|Any CPU
		{D2381ECA-81F6-4AF5-BF39-899C73D1F78D}.Release|x64.ActiveCfg = Release|Any CPU
		{D2381ECA-81F6-4AF5-BF39-899C73D1F78D}.Release|x64.Build.0 = Release|Any CPU
		{D2381ECA-81F6-4AF5-BF39-899C73D1F78D}.Release|x86.ActiveCfg = Release|Any CPU
		{D2381ECA-81F6-4AF5-BF39-899C73D1F78D}.Release|x86.Build.0 = Release|Any CPU
		{71140D91-C9EE-495C-B6C3-B69253C2862A}.Debug|Any CPU.ActiveCfg = Debug|Any CPU
		{71140D91-C9EE-495C-B6C3-B69253C2862A}.Debug|Any CPU.Build.0 = Debug|Any CPU
		{71140D91-C9EE-495C-B6C3-B69253C2862A}.Debug|Any CPU.Deploy.0 = Debug|Any CPU
		{71140D91-C9EE-495C-B6C3-B69253C2862A}.Debug|ARM.ActiveCfg = Debug|Any CPU
		{71140D91-C9EE-495C-B6C3-B69253C2862A}.Debug|ARM.Build.0 = Debug|Any CPU
		{71140D91-C9EE-495C-B6C3-B69253C2862A}.Debug|ARM.Deploy.0 = Debug|Any CPU
		{71140D91-C9EE-495C-B6C3-B69253C2862A}.Debug|x64.ActiveCfg = Debug|Any CPU
		{71140D91-C9EE-495C-B6C3-B69253C2862A}.Debug|x64.Build.0 = Debug|Any CPU
		{71140D91-C9EE-495C-B6C3-B69253C2862A}.Debug|x64.Deploy.0 = Debug|Any CPU
		{71140D91-C9EE-495C-B6C3-B69253C2862A}.Debug|x86.ActiveCfg = Debug|Any CPU
		{71140D91-C9EE-495C-B6C3-B69253C2862A}.Debug|x86.Build.0 = Debug|Any CPU
		{71140D91-C9EE-495C-B6C3-B69253C2862A}.Debug|x86.Deploy.0 = Debug|Any CPU
		{71140D91-C9EE-495C-B6C3-B69253C2862A}.Release|Any CPU.ActiveCfg = Release|Any CPU
		{71140D91-C9EE-495C-B6C3-B69253C2862A}.Release|Any CPU.Build.0 = Release|Any CPU
		{71140D91-C9EE-495C-B6C3-B69253C2862A}.Release|Any CPU.Deploy.0 = Release|Any CPU
		{71140D91-C9EE-495C-B6C3-B69253C2862A}.Release|ARM.ActiveCfg = Release|Any CPU
		{71140D91-C9EE-495C-B6C3-B69253C2862A}.Release|ARM.Build.0 = Release|Any CPU
		{71140D91-C9EE-495C-B6C3-B69253C2862A}.Release|ARM.Deploy.0 = Release|Any CPU
		{71140D91-C9EE-495C-B6C3-B69253C2862A}.Release|x64.ActiveCfg = Release|Any CPU
		{71140D91-C9EE-495C-B6C3-B69253C2862A}.Release|x64.Build.0 = Release|Any CPU
		{71140D91-C9EE-495C-B6C3-B69253C2862A}.Release|x64.Deploy.0 = Release|Any CPU
		{71140D91-C9EE-495C-B6C3-B69253C2862A}.Release|x86.ActiveCfg = Release|Any CPU
		{71140D91-C9EE-495C-B6C3-B69253C2862A}.Release|x86.Build.0 = Release|Any CPU
		{71140D91-C9EE-495C-B6C3-B69253C2862A}.Release|x86.Deploy.0 = Release|Any CPU
		{FC839A35-4C67-45AA-95C4-7897CF145ABE}.Debug|Any CPU.ActiveCfg = Debug|Any CPU
		{FC839A35-4C67-45AA-95C4-7897CF145ABE}.Debug|Any CPU.Build.0 = Debug|Any CPU
		{FC839A35-4C67-45AA-95C4-7897CF145ABE}.Debug|ARM.ActiveCfg = Debug|Any CPU
		{FC839A35-4C67-45AA-95C4-7897CF145ABE}.Debug|ARM.Build.0 = Debug|Any CPU
		{FC839A35-4C67-45AA-95C4-7897CF145ABE}.Debug|x64.ActiveCfg = Debug|Any CPU
		{FC839A35-4C67-45AA-95C4-7897CF145ABE}.Debug|x64.Build.0 = Debug|Any CPU
		{FC839A35-4C67-45AA-95C4-7897CF145ABE}.Debug|x86.ActiveCfg = Debug|Any CPU
		{FC839A35-4C67-45AA-95C4-7897CF145ABE}.Debug|x86.Build.0 = Debug|Any CPU
		{FC839A35-4C67-45AA-95C4-7897CF145ABE}.Release|Any CPU.ActiveCfg = Release|Any CPU
		{FC839A35-4C67-45AA-95C4-7897CF145ABE}.Release|Any CPU.Build.0 = Release|Any CPU
		{FC839A35-4C67-45AA-95C4-7897CF145ABE}.Release|ARM.ActiveCfg = Release|Any CPU
		{FC839A35-4C67-45AA-95C4-7897CF145ABE}.Release|ARM.Build.0 = Release|Any CPU
		{FC839A35-4C67-45AA-95C4-7897CF145ABE}.Release|x64.ActiveCfg = Release|Any CPU
		{FC839A35-4C67-45AA-95C4-7897CF145ABE}.Release|x64.Build.0 = Release|Any CPU
		{FC839A35-4C67-45AA-95C4-7897CF145ABE}.Release|x86.ActiveCfg = Release|Any CPU
		{FC839A35-4C67-45AA-95C4-7897CF145ABE}.Release|x86.Build.0 = Release|Any CPU
		{E55859DB-F89E-4247-84F4-DD500477C4BB}.Debug|Any CPU.ActiveCfg = Debug|Any CPU
		{E55859DB-F89E-4247-84F4-DD500477C4BB}.Debug|Any CPU.Build.0 = Debug|Any CPU
		{E55859DB-F89E-4247-84F4-DD500477C4BB}.Debug|Any CPU.Deploy.0 = Debug|Any CPU
		{E55859DB-F89E-4247-84F4-DD500477C4BB}.Debug|ARM.ActiveCfg = Debug|Any CPU
		{E55859DB-F89E-4247-84F4-DD500477C4BB}.Debug|ARM.Build.0 = Debug|Any CPU
		{E55859DB-F89E-4247-84F4-DD500477C4BB}.Debug|ARM.Deploy.0 = Debug|Any CPU
		{E55859DB-F89E-4247-84F4-DD500477C4BB}.Debug|x64.ActiveCfg = Debug|Any CPU
		{E55859DB-F89E-4247-84F4-DD500477C4BB}.Debug|x64.Build.0 = Debug|Any CPU
		{E55859DB-F89E-4247-84F4-DD500477C4BB}.Debug|x64.Deploy.0 = Debug|Any CPU
		{E55859DB-F89E-4247-84F4-DD500477C4BB}.Debug|x86.ActiveCfg = Debug|Any CPU
		{E55859DB-F89E-4247-84F4-DD500477C4BB}.Debug|x86.Build.0 = Debug|Any CPU
		{E55859DB-F89E-4247-84F4-DD500477C4BB}.Debug|x86.Deploy.0 = Debug|Any CPU
		{E55859DB-F89E-4247-84F4-DD500477C4BB}.Release|Any CPU.ActiveCfg = Release|Any CPU
		{E55859DB-F89E-4247-84F4-DD500477C4BB}.Release|Any CPU.Build.0 = Release|Any CPU
		{E55859DB-F89E-4247-84F4-DD500477C4BB}.Release|Any CPU.Deploy.0 = Release|Any CPU
		{E55859DB-F89E-4247-84F4-DD500477C4BB}.Release|ARM.ActiveCfg = Release|Any CPU
		{E55859DB-F89E-4247-84F4-DD500477C4BB}.Release|ARM.Build.0 = Release|Any CPU
		{E55859DB-F89E-4247-84F4-DD500477C4BB}.Release|ARM.Deploy.0 = Release|Any CPU
		{E55859DB-F89E-4247-84F4-DD500477C4BB}.Release|x64.ActiveCfg = Release|Any CPU
		{E55859DB-F89E-4247-84F4-DD500477C4BB}.Release|x64.Build.0 = Release|Any CPU
		{E55859DB-F89E-4247-84F4-DD500477C4BB}.Release|x64.Deploy.0 = Release|Any CPU
		{E55859DB-F89E-4247-84F4-DD500477C4BB}.Release|x86.ActiveCfg = Release|Any CPU
		{E55859DB-F89E-4247-84F4-DD500477C4BB}.Release|x86.Build.0 = Release|Any CPU
		{E55859DB-F89E-4247-84F4-DD500477C4BB}.Release|x86.Deploy.0 = Release|Any CPU
		{76F66197-D918-43A1-9A17-7C5CCD159781}.Debug|Any CPU.ActiveCfg = Debug|Any CPU
		{76F66197-D918-43A1-9A17-7C5CCD159781}.Debug|Any CPU.Build.0 = Debug|Any CPU
		{76F66197-D918-43A1-9A17-7C5CCD159781}.Debug|Any CPU.Deploy.0 = Debug|Any CPU
		{76F66197-D918-43A1-9A17-7C5CCD159781}.Debug|ARM.ActiveCfg = Debug|Any CPU
		{76F66197-D918-43A1-9A17-7C5CCD159781}.Debug|ARM.Build.0 = Debug|Any CPU
		{76F66197-D918-43A1-9A17-7C5CCD159781}.Debug|ARM.Deploy.0 = Debug|Any CPU
		{76F66197-D918-43A1-9A17-7C5CCD159781}.Debug|x64.ActiveCfg = Debug|Any CPU
		{76F66197-D918-43A1-9A17-7C5CCD159781}.Debug|x64.Build.0 = Debug|Any CPU
		{76F66197-D918-43A1-9A17-7C5CCD159781}.Debug|x64.Deploy.0 = Debug|Any CPU
		{76F66197-D918-43A1-9A17-7C5CCD159781}.Debug|x86.ActiveCfg = Debug|Any CPU
		{76F66197-D918-43A1-9A17-7C5CCD159781}.Debug|x86.Build.0 = Debug|Any CPU
		{76F66197-D918-43A1-9A17-7C5CCD159781}.Debug|x86.Deploy.0 = Debug|Any CPU
		{76F66197-D918-43A1-9A17-7C5CCD159781}.Release|Any CPU.ActiveCfg = Release|Any CPU
		{76F66197-D918-43A1-9A17-7C5CCD159781}.Release|Any CPU.Build.0 = Release|Any CPU
		{76F66197-D918-43A1-9A17-7C5CCD159781}.Release|Any CPU.Deploy.0 = Release|Any CPU
		{76F66197-D918-43A1-9A17-7C5CCD159781}.Release|ARM.ActiveCfg = Release|Any CPU
		{76F66197-D918-43A1-9A17-7C5CCD159781}.Release|ARM.Build.0 = Release|Any CPU
		{76F66197-D918-43A1-9A17-7C5CCD159781}.Release|ARM.Deploy.0 = Release|Any CPU
		{76F66197-D918-43A1-9A17-7C5CCD159781}.Release|x64.ActiveCfg = Release|Any CPU
		{76F66197-D918-43A1-9A17-7C5CCD159781}.Release|x64.Build.0 = Release|Any CPU
		{76F66197-D918-43A1-9A17-7C5CCD159781}.Release|x64.Deploy.0 = Release|Any CPU
		{76F66197-D918-43A1-9A17-7C5CCD159781}.Release|x86.ActiveCfg = Release|Any CPU
		{76F66197-D918-43A1-9A17-7C5CCD159781}.Release|x86.Build.0 = Release|Any CPU
		{76F66197-D918-43A1-9A17-7C5CCD159781}.Release|x86.Deploy.0 = Release|Any CPU
	EndGlobalSection
	GlobalSection(SolutionProperties) = preSolution
		HideSolutionNode = FALSE
	EndGlobalSection
	GlobalSection(ExtensibilityGlobals) = postSolution
		SolutionGuid = {F3FF58FD-0DD2-44E7-B278-32A7843FA722}
	EndGlobalSection
EndGlobal
